
Microsoft Visual Studio Solution File, Format Version 12.00
# Visual Studio Version 17
VisualStudioVersion = 17.3.32819.101
MinimumVisualStudioVersion = 10.0.40219.1
Project("{FAE04EC0-301F-11D3-BF4B-00C04F79EFBC}") = "ticketnotes", "ticketnotes.csproj", "{D533E0E5-1D24-45C6-909C-30E058B5CDF9}"
EndProject
Global
	GlobalSection(SolutionConfigurationPlatforms) = preSolution
		Debug|Any CPU = Debug|Any CPU
		Release|Any CPU = Release|Any CPU
	EndGlobalSection
	GlobalSection(ProjectConfigurationPlatforms) = postSolution
		{D533E0E5-1D24-45C6-909C-30E058B5CDF9}.Debug|Any CPU.ActiveCfg = Debug|Any CPU
		{D533E0E5-1D24-45C6-909C-30E058B5CDF9}.Debug|Any CPU.Build.0 = Debug|Any CPU
		{D533E0E5-1D24-45C6-909C-30E058B5CDF9}.Release|Any CPU.ActiveCfg = Release|Any CPU
		{D533E0E5-1D24-45C6-909C-30E058B5CDF9}.Release|Any CPU.Build.0 = Release|Any CPU
	EndGlobalSection
	GlobalSection(SolutionProperties) = preSolution
		HideSolutionNode = FALSE
	EndGlobalSection
	GlobalSection(ExtensibilityGlobals) = postSolution
		SolutionGuid = {4559BE85-103D-413F-A361-985BC49B3B3B}
	EndGlobalSection
EndGlobal
